{
  "name": "cldr-cal-persian-full",
  "version": "47.0.0",
  "lockfileVersion": 3,
  "requires": true,
  "packages": {
    "": {
      "name": "cldr-cal-persian-full",
      "version": "47.0.0",
      "license": "Unicode-3.0",
      "dependencies": {
        "cldr-cal-persian-full": "file:"
      },
      "peerDependencies": {
        "cldr-dates-full": "47.0.0"
      }
    },
    "node_modules/cldr-cal-persian-full": {
      "resolved": "",
      "link": true
    },
    "node_modules/cldr-core": {
      "version": "47.0.0",
      "resolved": "https://registry.npmjs.org/cldr-core/-/cldr-core-47.0.0.tgz",
      "integrity": "sha512-tdYRy66DMgpjEwVOWCTN0zhNr+zh1+d4A6MCNgJKU7voFDGsrwcWHor6jcqudHDmElCgyVNqWBKAB1JeNdSOKg==",
      "license": "Unicode-3.0",
      "peer": true
    },
    "node_modules/cldr-dates-full": {
      "version": "47.0.0",
      "resolved": "https://registry.npmjs.org/cldr-dates-full/-/cldr-dates-full-47.0.0.tgz",
      "integrity": "sha512-XE/8oFMY1qnBF+FIvxGL+oSVnijb+Sw7BUVZoKaGTHqD5TRFi8AnO4bngOSzp1jmUamR+XDeLjodBia4mdNrsQ==",
      "license": "Unicode-3.0",
      "peer": true,
      "peerDependencies": {
        "cldr-numbers-full": "47.0.0"
      }
    },
    "node_modules/cldr-numbers-full": {
      "version": "47.0.0",
      "resolved": "https://registry.npmjs.org/cldr-numbers-full/-/cldr-numbers-full-47.0.0.tgz",
      "integrity": "sha512-5OXUfjiAdXYuVD4XlaQe++WKBVmI1bkKxO0uWJMpbokzgcJ30vhFzcX5WsnZMtoZuhEpOt5KubCJaxaHPj5XTQ==",
      "license": "Unicode-3.0",
      "peer": true,
      "peerDependencies": {
        "cldr-core": "47.0.0"
      }
    }
  }
}
